// !$*UTF8*$!
{
	archiveVersion = 1;
	classes = {
	};
	objectVersion = 46;
	objects = {

/* Begin PBXBuildFile section */
		158AE8CCBF979E0EA2821300 /* Pods_RankingSample.framework in Frameworks */ = {isa = PBXBuildFile; fileRef = 245A222DE68EB8AA42BC7986 /* Pods_RankingSample.framework */; };
		39729F8B1F5444FE00B1E60E /* AppDelegate.swift in Sources */ = {isa = PBXBuildFile; fileRef = 39729F8A1F5444FE00B1E60E /* AppDelegate.swift */; };
		39729F8D1F5444FE00B1E60E /* ViewController.swift in Sources */ = {isa = PBXBuildFile; fileRef = 39729F8C1F5444FE00B1E60E /* ViewController.swift */; };
		39729F901F5444FE00B1E60E /* Main.storyboard in Resources */ = {isa = PBXBuildFile; fileRef = 39729F8E1F5444FE00B1E60E /* Main.storyboard */; };
		39729F921F5444FE00B1E60E /* Assets.xcassets in Resources */ = {isa = PBXBuildFile; fileRef = 39729F911F5444FE00B1E60E /* Assets.xcassets */; };
		39729F951F5444FE00B1E60E /* LaunchScreen.storyboard in Resources */ = {isa = PBXBuildFile; fileRef = 39729F931F5444FE00B1E60E /* LaunchScreen.storyboard */; };
/* End PBXBuildFile section */

/* Begin PBXFileReference section */
		245A222DE68EB8AA42BC7986 /* Pods_RankingSample.framework */ = {isa = PBXFileReference; explicitFileType = wrapper.framework; includeInIndex = 0; path = Pods_RankingSample.framework; sourceTree = BUILT_PRODUCTS_DIR; };
		39729F871F5444FE00B1E60E /* RankingSample.app */ = {isa = PBXFileReference; explicitFileType = wrapper.application; includeInIndex = 0; path = RankingSample.app; sourceTree = BUILT_PRODUCTS_DIR; };
		39729F8A1F5444FE00B1E60E /* AppDelegate.swift */ = {isa = PBXFileReference; lastKnownFileType = sourcecode.swift; path = AppDelegate.swift; sourceTree = "<group>"; };
		39729F8C1F5444FE00B1E60E /* ViewController.swift */ = {isa = PBXFileReference; lastKnownFileType = sourcecode.swift; path = ViewController.swift; sourceTree = "<group>"; };
		39729F8F1F5444FE00B1E60E /* Base */ = {isa = PBXFileReference; lastKnownFileType = file.storyboard; name = Base; path = Base.lproj/Main.storyboard; sourceTree = "<group>"; };
		39729F911F5444FE00B1E60E /* Assets.xcassets */ = {isa = PBXFileReference; lastKnownFileType = folder.assetcatalog; path = Assets.xcassets; sourceTree = "<group>"; };
		39729F941F5444FE00B1E60E /* Base */ = {isa = PBXFileReference; lastKnownFileType = file.storyboard; name = Base; path = Base.lproj/LaunchScreen.storyboard; sourceTree = "<group>"; };
		39729F961F5444FE00B1E60E /* Info.plist */ = {isa = PBXFileReference; lastKnownFileType = text.plist.xml; path = Info.plist; sourceTree = "<group>"; };
		78F29C507298F980E65E743B /* Pods-RankingSample.debug.xcconfig */ = {isa = PBXFileReference; includeInIndex = 1; lastKnownFileType = text.xcconfig; name = "Pods-RankingSample.debug.xcconfig"; path = "Pods/Target Support Files/Pods-RankingSample/Pods-RankingSample.debug.xcconfig"; sourceTree = "<group>"; };
		B95C7921B66EE36EBA5E4802 /* Pods-RankingSample.release.xcconfig */ = {isa = PBXFileReference; includeInIndex = 1; lastKnownFileType = text.xcconfig; name = "Pods-RankingSample.release.xcconfig"; path = "Pods/Target Support Files/Pods-RankingSample/Pods-RankingSample.release.xcconfig"; sourceTree = "<group>"; };
/* End PBXFileReference section */

/* Begin PBXFrameworksBuildPhase section */
		39729F841F5444FE00B1E60E /* Frameworks */ = {
			isa = PBXFrameworksBuildPhase;
			buildActionMask = 2147483647;
			files = (
				158AE8CCBF979E0EA2821300 /* Pods_RankingSample.framework in Frameworks */,
			);
			runOnlyForDeploymentPostprocessing = 0;
		};
/* End PBXFrameworksBuildPhase section */

/* Begin PBXGroup section */
		39729F7E1F5444FE00B1E60E = {
			isa = PBXGroup;
			children = (
				39729F891F5444FE00B1E60E /* RankingSample */,
				39729F881F5444FE00B1E60E /* Products */,
				3B62B99915A15F7B5A08114B /* Pods */,
				3D803ECE04602F0DED45A304 /* Frameworks */,
			);
			sourceTree = "<group>";
		};
		39729F881F5444FE00B1E60E /* Products */ = {
			isa = PBXGroup;
			children = (
				39729F871F5444FE00B1E60E /* RankingSample.app */,
			);
			name = Products;
			sourceTree = "<group>";
		};
		39729F891F5444FE00B1E60E /* RankingSample */ = {
			isa = PBXGroup;
			children = (
				39729F8A1F5444FE00B1E60E /* AppDelegate.swift */,
				39729F8C1F5444FE00B1E60E /* ViewController.swift */,
				39729F8E1F5444FE00B1E60E /* Main.storyboard */,
				39729F911F5444FE00B1E60E /* Assets.xcassets */,
				39729F931F5444FE00B1E60E /* LaunchScreen.storyboard */,
				39729F961F5444FE00B1E60E /* Info.plist */,
			);
			path = RankingSample;
			sourceTree = "<group>";
		};
		3B62B99915A15F7B5A08114B /* Pods */ = {
			isa = PBXGroup;
			children = (
				78F29C507298F980E65E743B /* Pods-RankingSample.debug.xcconfig */,
				B95C7921B66EE36EBA5E4802 /* Pods-RankingSample.release.xcconfig */,
			);
			name = Pods;
			sourceTree = "<group>";
		};
		3D803ECE04602F0DED45A304 /* Frameworks */ = {
			isa = PBXGroup;
			children = (
				245A222DE68EB8AA42BC7986 /* Pods_RankingSample.framework */,
			);
			name = Frameworks;
			sourceTree = "<group>";
		};
/* End PBXGroup section */

/* Begin PBXNativeTarget section */
		39729F861F5444FE00B1E60E /* RankingSample */ = {
			isa = PBXNativeTarget;
			buildConfigurationList = 39729F991F5444FE00B1E60E /* Build configuration list for PBXNativeTarget "RankingSample" */;
			buildPhases = (
				1036D63C3BBEF7F68CB1AAD4 /* [CP] Check Pods Manifest.lock */,
				39729F831F5444FE00B1E60E /* Sources */,
				39729F841F5444FE00B1E60E /* Frameworks */,
				39729F851F5444FE00B1E60E /* Resources */,
				F486359B24279D61DC8C6158 /* [CP] Embed Pods Frameworks */,
				57A4384EA31E948F507D13EE /* [CP] Copy Pods Resources */,
			);
			buildRules = (
			);
			dependencies = (
			);
			name = RankingSample;
			productName = RankingSample;
			productReference = 39729F871F5444FE00B1E60E /* RankingSample.app */;
			productType = "com.apple.product-type.application";
		};
/* End PBXNativeTarget section */

/* Begin PBXProject section */
		39729F7F1F5444FE00B1E60E /* Project object */ = {
			isa = PBXProject;
			attributes = {
				LastSwiftUpdateCheck = 0830;
				LastUpgradeCheck = 0830;
				ORGANIZATIONNAME = ShinokiRyosei;
				TargetAttributes = {
					39729F861F5444FE00B1E60E = {
						CreatedOnToolsVersion = 8.3.3;
						DevelopmentTeam = SLHYE76MHB;
						ProvisioningStyle = Automatic;
					};
				};
			};
			buildConfigurationList = 39729F821F5444FE00B1E60E /* Build configuration list for PBXProject "RankingSample" */;
			compatibilityVersion = "Xcode 3.2";
			developmentRegion = English;
			hasScannedForEncodings = 0;
			knownRegions = (
				en,
				Base,
			);
			mainGroup = 39729F7E1F5444FE00B1E60E;
			productRefGroup = 39729F881F5444FE00B1E60E /* Products */;
			projectDirPath = "";
			projectRoot = "";
			targets = (
				39729F861F5444FE00B1E60E /* RankingSample */,
			);
		};
/* End PBXProject section */

/* Begin PBXResourcesBuildPhase section */
		39729F851F5444FE00B1E60E /* Resources */ = {
			isa = PBXResourcesBuildPhase;
			buildActionMask = 2147483647;
			files = (
				39729F951F5444FE00B1E60E /* LaunchScreen.storyboard in Resources */,
				39729F921F5444FE00B1E60E /* Assets.xcassets in Resources */,
				39729F901F5444FE00B1E60E /* Main.storyboard in Resources */,
			);
			runOnlyForDeploymentPostprocessing = 0;
		};
/* End PBXResourcesBuildPhase section */

/* Begin PBXShellScriptBuildPhase section */
		1036D63C3BBEF7F68CB1AAD4 /* [CP] Check Pods Manifest.lock */ = {
			isa = PBXShellScriptBuildPhase;
			buildActionMask = 2147483647;
			files = (
			);
			inputPaths = (
				"${PODS_PODFILE_DIR_PATH}/Podfile.lock",
				"${PODS_ROOT}/Manifest.lock",
			);
			name = "[CP] Check Pods Manifest.lock";
			outputPaths = (
				"$(DERIVED_FILE_DIR)/Pods-RankingSample-checkManifestLockResult.txt",
			);
			runOnlyForDeploymentPostprocessing = 0;
			shellPath = /bin/sh;
			shellScript = "diff \"${PODS_PODFILE_DIR_PATH}/Podfile.lock\" \"${PODS_ROOT}/Manifest.lock\" > /dev/null\nif [ $? != 0 ] ; then\n    # print error to STDERR\n    echo \"error: The sandbox is not in sync with the Podfile.lock. Run 'pod install' or update your CocoaPods installation.\" >&2\n    exit 1\nfi\n# This output is used by Xcode 'outputs' to avoid re-running this script phase.\necho \"SUCCESS\" > \"${SCRIPT_OUTPUT_FILE_0}\"\n";
			showEnvVarsInLog = 0;
		};
		57A4384EA31E948F507D13EE /* [CP] Copy Pods Resources */ = {
			isa = PBXShellScriptBuildPhase;
			buildActionMask = 2147483647;
			files = (
			);
			inputPaths = (
			);
			name = "[CP] Copy Pods Resources";
			outputPaths = (
			);
			runOnlyForDeploymentPostprocessing = 0;
			shellPath = /bin/sh;
			shellScript = "\"${SRCROOT}/Pods/Target Support Files/Pods-RankingSample/Pods-RankingSample-resources.sh\"\n";
			showEnvVarsInLog = 0;
		};
		F486359B24279D61DC8C6158 /* [CP] Embed Pods Frameworks */ = {
			isa = PBXShellScriptBuildPhase;
			buildActionMask = 2147483647;
			files = (
			);
			inputPaths = (
				"${SRCROOT}/Pods/Target Support Files/Pods-RankingSample/Pods-RankingSample-frameworks.sh",
				"${BUILT_PRODUCTS_DIR}/GoogleToolboxForMac/GoogleToolboxForMac.framework",
				"${BUILT_PRODUCTS_DIR}/leveldb-library/leveldb.framework",
				"${BUILT_PRODUCTS_DIR}/nanopb/nanopb.framework",
			);
			name = "[CP] Embed Pods Frameworks";
			outputPaths = (
				"${TARGET_BUILD_DIR}/${FRAMEWORKS_FOLDER_PATH}/GoogleToolboxForMac.framework",
				"${TARGET_BUILD_DIR}/${FRAMEWORKS_FOLDER_PATH}/leveldb.framework",
				"${TARGET_BUILD_DIR}/${FRAMEWORKS_FOLDER_PATH}/nanopb.framework",
			);
			runOnlyForDeploymentPostprocessing = 0;
			shellPath = /bin/sh;
			shellScript = "\"${SRCROOT}/Pods/Target Support Files/Pods-RankingSample/Pods-RankingSample-frameworks.sh\"\n";
			showEnvVarsInLog = 0;
		};
/* End PBXShellScriptBuildPhase section */

/* Begin PBXSourcesBuildPhase section */
		39729F831F5444FE00B1E60E /* Sources */ = {
			isa = PBXSourcesBuildPhase;
			buildActionMask = 2147483647;
			files = (
				39729F8D1F5444FE00B1E60E /* ViewController.swift in Sources */,
				39729F8B1F5444FE00B1E60E /* AppDelegate.swift in Sources */,
			);
			runOnlyForDeploymentPostprocessing = 0;
		};
/* End PBXSourcesBuildPhase section */

/* Begin PBXVariantGroup section */
		39729F8E1F5444FE00B1E60E /* Main.storyboard */ = {
			isa = PBXVariantGroup;
			children = (
				39729F8F1F5444FE00B1E60E /* Base */,
			);
			name = Main.storyboard;
			sourceTree = "<group>";
		};
		39729F931F5444FE00B1E60E /* LaunchScreen.storyboard */ = {
			isa = PBXVariantGroup;
			children = (
				39729F941F5444FE00B1E60E /* Base */,
			);
			name = LaunchScreen.storyboard;
			sourceTree = "<group>";
		};
/* End PBXVariantGroup section */

/* Begin XCBuildConfiguration section */
		39729F971F5444FE00B1E60E /* Debug */ = {
			isa = XCBuildConfiguration;
			buildSettings = {
				ALWAYS_SEARCH_USER_PATHS = NO;
				CLANG_ANALYZER_NONNULL = YES;
				CLANG_ANALYZER_NUMBER_OBJECT_CONVERSION = YES_AGGRESSIVE;
				CLANG_CXX_LANGUAGE_STANDARD = "gnu++0x";
				CLANG_CXX_LIBRARY = "libc++";
				CLANG_ENABLE_MODULES = YES;
				CLANG_ENABLE_OBJC_ARC = YES;
				CLANG_WARN_BOOL_CONVERSION = YES;
				CLANG_WARN_CONSTANT_CONVERSION = YES;
				CLANG_WARN_DIRECT_OBJC_ISA_USAGE = YES_ERROR;
				CLANG_WARN_DOCUMENTATION_COMMENTS = YES;
				CLANG_WARN_EMPTY_BODY = YES;
				CLANG_WARN_ENUM_CONVERSION = YES;
				CLANG_WARN_INFINITE_RECURSION = YES;
				CLANG_WARN_INT_CONVERSION = YES;
				CLANG_WARN_OBJC_ROOT_CLASS = YES_ERROR;
				CLANG_WARN_SUSPICIOUS_MOVE = YES;
				CLANG_WARN_UNREACHABLE_CODE = YES;
				CLANG_WARN__DUPLICATE_METHOD_MATCH = YES;
				"CODE_SIGN_IDENTITY[sdk=iphoneos*]" = "iPhone Developer";
				COPY_PHASE_STRIP = NO;
				DEBUG_INFORMATION_FORMAT = dwarf;
				ENABLE_STRICT_OBJC_MSGSEND = YES;
				ENABLE_TESTABILITY = YES;
				GCC_C_LANGUAGE_STANDARD = gnu99;
				GCC_DYNAMIC_NO_PIC = NO;
				GCC_NO_COMMON_BLOCKS = YES;
				GCC_OPTIMIZATION_LEVEL = 0;
				GCC_PREPROCESSOR_DEFINITIONS = (
					"DEBUG=1",
					"$(inherited)",
				);
				GCC_WARN_64_TO_32_BIT_CONVERSION = YES;
				GCC_WARN_ABOUT_RETURN_TYPE = YES_ERROR;
				GCC_WARN_UNDECLARED_SELECTOR = YES;
				GCC_WARN_UNINITIALIZED_AUTOS = YES_AGGRESSIVE;
				GCC_WARN_UNUSED_FUNCTION = YES;
				GCC_WARN_UNUSED_VARIABLE = YES;
				IPHONEOS_DEPLOYMENT_TARGET = 10.3;
				MTL_ENABLE_DEBUG_INFO = YES;
				ONLY_ACTIVE_ARCH = YES;
				SDKROOT = iphoneos;
				SWIFT_ACTIVE_COMPILATION_CONDITIONS = DEBUG;
				SWIFT_OPTIMIZATION_LEVEL = "-Onone";
			};
			name = Debug;
		};
		39729F981F5444FE00B1E60E /* Release */ = {
			isa = XCBuildConfiguration;
			buildSettings = {
				ALWAYS_SEARCH_USER_PATHS = NO;
				CLANG_ANALYZER_NONNULL = YES;
				CLANG_ANALYZER_NUMBER_OBJECT_CONVERSION = YES_AGGRESSIVE;
				CLANG_CXX_LANGUAGE_STANDARD = "gnu++0x";
				CLANG_CXX_LIBRARY = "libc++";
				CLANG_ENABLE_MODULES = YES;
				CLANG_ENABLE_OBJC_ARC = YES;
				CLANG_WARN_BOOL_CONVERSION = YES;
				CLANG_WARN_CONSTANT_CONVERSION = YES;
				CLANG_WARN_DIRECT_OBJC_ISA_USAGE = YES_ERROR;
				CLANG_WARN_DOCUMENTATION_COMMENTS = YES;
				CLANG_WARN_EMPTY_BODY = YES;
				CLANG_WARN_ENUM_CONVERSION = YES;
				CLANG_WARN_INFINITE_RECURSION = YES;
				CLANG_WARN_INT_CONVERSION = YES;
				CLANG_WARN_OBJC_ROOT_CLASS = YES_ERROR;
				CLANG_WARN_SUSPICIOUS_MOVE = YES;
				CLANG_WARN_UNREACHABLE_CODE = YES;
				CLANG_WARN__DUPLICATE_METHOD_MATCH = YES;
				"CODE_SIGN_IDENTITY[sdk=iphoneos*]" = "iPhone Developer";
				COPY_PHASE_STRIP = NO;
				DEBUG_INFORMATION_FORMAT = "dwarf-with-dsym";
				ENABLE_NS_ASSERTIONS = NO;
				ENABLE_STRICT_OBJC_MSGSEND = YES;
				GCC_C_LANGUAGE_STANDARD = gnu99;
				GCC_NO_COMMON_BLOCKS = YES;
				GCC_WARN_64_TO_32_BIT_CONVERSION = YES;
				GCC_WARN_ABOUT_RETURN_TYPE = YES_ERROR;
				GCC_WARN_UNDECLARED_SELECTOR = YES;
				GCC_WARN_UNINITIALIZED_AUTOS = YES_AGGRESSIVE;
				GCC_WARN_UNUSED_FUNCTION = YES;
				GCC_WARN_UNUSED_VARIABLE = YES;
				IPHONEOS_DEPLOYMENT_TARGET = 10.3;
				MTL_ENABLE_DEBUG_INFO = NO;
				SDKROOT = iphoneos;
				SWIFT_OPTIMIZATION_LEVEL = "-Owholemodule";
				VALIDATE_PRODUCT = YES;
			};
			name = Release;
		};
		39729F9A1F5444FE00B1E60E /* Debug */ = {
			isa = XCBuildConfiguration;
			baseConfigurationReference = 78F29C507298F980E65E743B /* Pods-RankingSample.debug.xcconfig */;
			buildSettings = {
				ASSETCATALOG_COMPILER_APPICON_NAME = AppIcon;
				DEVELOPMENT_TEAM = SLHYE76MHB;
				INFOPLIST_FILE = RankingSample/Info.plist;
				LD_RUNPATH_SEARCH_PATHS = "$(inherited) @executable_path/Frameworks";
				PRODUCT_BUNDLE_IDENTIFIER = tv.shinoki.RankingSample;
				PRODUCT_NAME = "$(TARGET_NAME)";
				SWIFT_VERSION = 3.0;
			};
			name = Debug;
		};
		39729F9B1F5444FE00B1E60E /* Release */ = {
			isa = XCBuildConfiguration;
			baseConfigurationReference = B95C7921B66EE36EBA5E4802 /* Pods-RankingSample.release.xcconfig */;
			buildSettings = {
				ASSETCATALOG_COMPILER_APPICON_NAME = AppIcon;
				DEVELOPMENT_TEAM = SLHYE76MHB;
				INFOPLIST_FILE = RankingSample/Info.plist;
				LD_RUNPATH_SEARCH_PATHS = "$(inherited) @executable_path/Frameworks";
				PRODUCT_BUNDLE_IDENTIFIER = tv.shinoki.RankingSample;
				PRODUCT_NAME = "$(TARGET_NAME)";
				SWIFT_VERSION = 3.0;
			};
			name = Release;
		};
/* End XCBuildConfiguration section */

/* Begin XCConfigurationList section */
		39729F821F5444FE00B1E60E /* Build configuration list for PBXProject "RankingSample" */ = {
			isa = XCConfigurationList;
			buildConfigurations = (
				39729F971F5444FE00B1E60E /* Debug */,
				39729F981F5444FE00B1E60E /* Release */,
			);
			defaultConfigurationIsVisible = 0;
			defaultConfigurationName = Release;
		};
		39729F991F5444FE00B1E60E /* Build configuration list for PBXNativeTarget "RankingSample" */ = {
			isa = XCConfigurationList;
			buildConfigurations = (
				39729F9A1F5444FE00B1E60E /* Debug */,
				39729F9B1F5444FE00B1E60E /* Release */,
			);
			defaultConfigurationIsVisible = 0;
		};
/* End XCConfigurationList section */
	};
	rootObject = 39729F7F1F5444FE00B1E60E /* Project object */;
}
